// !$*UTF8*$!
{
	archiveVersion = 1;
	classes = {
	};
	objectVersion = 50;
	objects = {

/* Begin PBXBuildFile section */
		479B37AC248FBA9B001252F9 /* AppDelegate.swift in Sources */ = {isa = PBXBuildFile; fileRef = 479B37AB248FBA9B001252F9 /* AppDelegate.swift */; };
		479B37AE248FBA9B001252F9 /* SceneDelegate.swift in Sources */ = {isa = PBXBuildFile; fileRef = 479B37AD248FBA9B001252F9 /* SceneDelegate.swift */; };
		479B37B1248FBA9B001252F9 /* cookIn.xcdatamodeld in Sources */ = {isa = PBXBuildFile; fileRef = 479B37AF248FBA9B001252F9 /* cookIn.xcdatamodeld */; };
		479B37B3248FBA9B001252F9 /* ContentView.swift in Sources */ = {isa = PBXBuildFile; fileRef = 479B37B2248FBA9B001252F9 /* ContentView.swift */; };
		479B37B5248FBA9D001252F9 /* Assets.xcassets in Resources */ = {isa = PBXBuildFile; fileRef = 479B37B4248FBA9D001252F9 /* Assets.xcassets */; };
		479B37B8248FBA9D001252F9 /* Preview Assets.xcassets in Resources */ = {isa = PBXBuildFile; fileRef = 479B37B7248FBA9D001252F9 /* Preview Assets.xcassets */; };
		479B37BB248FBA9D001252F9 /* LaunchScreen.storyboard in Resources */ = {isa = PBXBuildFile; fileRef = 479B37B9248FBA9D001252F9 /* LaunchScreen.storyboard */; };
		479B37C6248FBA9D001252F9 /* cookInTests.swift in Sources */ = {isa = PBXBuildFile; fileRef = 479B37C5248FBA9D001252F9 /* cookInTests.swift */; };
		479B37D1248FBA9D001252F9 /* cookInUITests.swift in Sources */ = {isa = PBXBuildFile; fileRef = 479B37D0248FBA9D001252F9 /* cookInUITests.swift */; };
/* End PBXBuildFile section */

/* Begin PBXContainerItemProxy section */
		479B37C2248FBA9D001252F9 /* PBXContainerItemProxy */ = {
			isa = PBXContainerItemProxy;
			containerPortal = 479B37A0248FBA9B001252F9 /* Project object */;
			proxyType = 1;
			remoteGlobalIDString = 479B37A7248FBA9B001252F9;
			remoteInfo = cookIn;
		};
		479B37CD248FBA9D001252F9 /* PBXContainerItemProxy */ = {
			isa = PBXContainerItemProxy;
			containerPortal = 479B37A0248FBA9B001252F9 /* Project object */;
			proxyType = 1;
			remoteGlobalIDString = 479B37A7248FBA9B001252F9;
			remoteInfo = cookIn;
		};
/* End PBXContainerItemProxy section */

/* Begin PBXFileReference section */
		479B37A8248FBA9B001252F9 /* cookIn.app */ = {isa = PBXFileReference; explicitFileType = wrapper.application; includeInIndex = 0; path = cookIn.app; sourceTree = BUILT_PRODUCTS_DIR; };
		479B37AB248FBA9B001252F9 /* AppDelegate.swift */ = {isa = PBXFileReference; lastKnownFileType = sourcecode.swift; path = AppDelegate.swift; sourceTree = "<group>"; };
		479B37AD248FBA9B001252F9 /* SceneDelegate.swift */ = {isa = PBXFileReference; lastKnownFileType = sourcecode.swift; path = SceneDelegate.swift; sourceTree = "<group>"; };
		479B37B0248FBA9B001252F9 /* cookIn.xcdatamodel */ = {isa = PBXFileReference; lastKnownFileType = wrapper.xcdatamodel; path = cookIn.xcdatamodel; sourceTree = "<group>"; };
		479B37B2248FBA9B001252F9 /* ContentView.swift */ = {isa = PBXFileReference; lastKnownFileType = sourcecode.swift; path = ContentView.swift; sourceTree = "<group>"; };
		479B37B4248FBA9D001252F9 /* Assets.xcassets */ = {isa = PBXFileReference; lastKnownFileType = folder.assetcatalog; path = Assets.xcassets; sourceTree = "<group>"; };
		479B37B7248FBA9D001252F9 /* Preview Assets.xcassets */ = {isa = PBXFileReference; lastKnownFileType = folder.assetcatalog; path = "Preview Assets.xcassets"; sourceTree = "<group>"; };
		479B37BA248FBA9D001252F9 /* Base */ = {isa = PBXFileReference; lastKnownFileType = file.storyboard; name = Base; path = Base.lproj/LaunchScreen.storyboard; sourceTree = "<group>"; };
		479B37BC248FBA9D001252F9 /* Info.plist */ = {isa = PBXFileReference; lastKnownFileType = text.plist.xml; path = Info.plist; sourceTree = "<group>"; };
		479B37C1248FBA9D001252F9 /* cookInTests.xctest */ = {isa = PBXFileReference; explicitFileType = wrapper.cfbundle; includeInIndex = 0; path = cookInTests.xctest; sourceTree = BUILT_PRODUCTS_DIR; };
		479B37C5248FBA9D001252F9 /* cookInTests.swift */ = {isa = PBXFileReference; lastKnownFileType = sourcecode.swift; path = cookInTests.swift; sourceTree = "<group>"; };
		479B37C7248FBA9D001252F9 /* Info.plist */ = {isa = PBXFileReference; lastKnownFileType = text.plist.xml; path = Info.plist; sourceTree = "<group>"; };
		479B37CC248FBA9D001252F9 /* cookInUITests.xctest */ = {isa = PBXFileReference; explicitFileType = wrapper.cfbundle; includeInIndex = 0; path = cookInUITests.xctest; sourceTree = BUILT_PRODUCTS_DIR; };
		479B37D0248FBA9D001252F9 /* cookInUITests.swift */ = {isa = PBXFileReference; lastKnownFileType = sourcecode.swift; path = cookInUITests.swift; sourceTree = "<group>"; };
		479B37D2248FBA9D001252F9 /* Info.plist */ = {isa = PBXFileReference; lastKnownFileType = text.plist.xml; path = Info.plist; sourceTree = "<group>"; };
/* End PBXFileReference section */

/* Begin PBXFrameworksBuildPhase section */
		479B37A5248FBA9B001252F9 /* Frameworks */ = {
			isa = PBXFrameworksBuildPhase;
			buildActionMask = 2147483647;
			files = (
			);
			runOnlyForDeploymentPostprocessing = 0;
		};
		479B37BE248FBA9D001252F9 /* Frameworks */ = {
			isa = PBXFrameworksBuildPhase;
			buildActionMask = 2147483647;
			files = (
			);
			runOnlyForDeploymentPostprocessing = 0;
		};
		479B37C9248FBA9D001252F9 /* Frameworks */ = {
			isa = PBXFrameworksBuildPhase;
			buildActionMask = 2147483647;
			files = (
			);
			runOnlyForDeploymentPostprocessing = 0;
		};
/* End PBXFrameworksBuildPhase section */

/* Begin PBXGroup section */
		479B379F248FBA9B001252F9 = {
			isa = PBXGroup;
			children = (
				479B37AA248FBA9B001252F9 /* cookIn */,
				479B37C4248FBA9D001252F9 /* cookInTests */,
				479B37CF248FBA9D001252F9 /* cookInUITests */,
				479B37A9248FBA9B001252F9 /* Products */,
			);
			sourceTree = "<group>";
		};
		479B37A9248FBA9B001252F9 /* Products */ = {
			isa = PBXGroup;
			children = (
				479B37A8248FBA9B001252F9 /* cookIn.app */,
				479B37C1248FBA9D001252F9 /* cookInTests.xctest */,
				479B37CC248FBA9D001252F9 /* cookInUITests.xctest */,
			);
			name = Products;
			sourceTree = "<group>";
		};
		479B37AA248FBA9B001252F9 /* cookIn */ = {
			isa = PBXGroup;
			children = (
				479B37AB248FBA9B001252F9 /* AppDelegate.swift */,
				479B37AD248FBA9B001252F9 /* SceneDelegate.swift */,
				479B37B2248FBA9B001252F9 /* ContentView.swift */,
				479B37B4248FBA9D001252F9 /* Assets.xcassets */,
				479B37B9248FBA9D001252F9 /* LaunchScreen.storyboard */,
				479B37BC248FBA9D001252F9 /* Info.plist */,
				479B37AF248FBA9B001252F9 /* cookIn.xcdatamodeld */,
				479B37B6248FBA9D001252F9 /* Preview Content */,
			);
			path = cookIn;
			sourceTree = "<group>";
		};
		479B37B6248FBA9D001252F9 /* Preview Content */ = {
			isa = PBXGroup;
			children = (
				479B37B7248FBA9D001252F9 /* Preview Assets.xcassets */,
			);
			path = "Preview Content";
			sourceTree = "<group>";
		};
		479B37C4248FBA9D001252F9 /* cookInTests */ = {
			isa = PBXGroup;
			children = (
				479B37C5248FBA9D001252F9 /* cookInTests.swift */,
				479B37C7248FBA9D001252F9 /* Info.plist */,
			);
			path = cookInTests;
			sourceTree = "<group>";
		};
		479B37CF248FBA9D001252F9 /* cookInUITests */ = {
			isa = PBXGroup;
			children = (
				479B37D0248FBA9D001252F9 /* cookInUITests.swift */,
				479B37D2248FBA9D001252F9 /* Info.plist */,
			);
			path = cookInUITests;
			sourceTree = "<group>";
		};
/* End PBXGroup section */

/* Begin PBXNativeTarget section */
		479B37A7248FBA9B001252F9 /* cookIn */ = {
			isa = PBXNativeTarget;
			buildConfigurationList = 479B37D5248FBA9D001252F9 /* Build configuration list for PBXNativeTarget "cookIn" */;
			buildPhases = (
				479B37A4248FBA9B001252F9 /* Sources */,
				479B37A5248FBA9B001252F9 /* Frameworks */,
				479B37A6248FBA9B001252F9 /* Resources */,
			);
			buildRules = (
			);
			dependencies = (
			);
			name = cookIn;
			productName = cookIn;
			productReference = 479B37A8248FBA9B001252F9 /* cookIn.app */;
			productType = "com.apple.product-type.application";
		};
		479B37C0248FBA9D001252F9 /* cookInTests */ = {
			isa = PBXNativeTarget;
			buildConfigurationList = 479B37D8248FBA9D001252F9 /* Build configuration list for PBXNativeTarget "cookInTests" */;
			buildPhases = (
				479B37BD248FBA9D001252F9 /* Sources */,
				479B37BE248FBA9D001252F9 /* Frameworks */,
				479B37BF248FBA9D001252F9 /* Resources */,
			);
			buildRules = (
			);
			dependencies = (
				479B37C3248FBA9D001252F9 /* PBXTargetDependency */,
			);
			name = cookInTests;
			productName = cookInTests;
			productReference = 479B37C1248FBA9D001252F9 /* cookInTests.xctest */;
			productType = "com.apple.product-type.bundle.unit-test";
		};
		479B37CB248FBA9D001252F9 /* cookInUITests */ = {
			isa = PBXNativeTarget;
			buildConfigurationList = 479B37DB248FBA9D001252F9 /* Build configuration list for PBXNativeTarget "cookInUITests" */;
			buildPhases = (
				479B37C8248FBA9D001252F9 /* Sources */,
				479B37C9248FBA9D001252F9 /* Frameworks */,
				479B37CA248FBA9D001252F9 /* Resources */,
			);
			buildRules = (
			);
			dependencies = (
				479B37CE248FBA9D001252F9 /* PBXTargetDependency */,
			);
			name = cookInUITests;
			productName = cookInUITests;
			productReference = 479B37CC248FBA9D001252F9 /* cookInUITests.xctest */;
			productType = "com.apple.product-type.bundle.ui-testing";
		};
/* End PBXNativeTarget section */

/* Begin PBXProject section */
		479B37A0248FBA9B001252F9 /* Project object */ = {
			isa = PBXProject;
			attributes = {
				LastSwiftUpdateCheck = 1150;
				LastUpgradeCheck = 1150;
				ORGANIZATIONNAME = Stod;
				TargetAttributes = {
					479B37A7248FBA9B001252F9 = {
						CreatedOnToolsVersion = 11.5;
					};
					479B37C0248FBA9D001252F9 = {
						CreatedOnToolsVersion = 11.5;
						TestTargetID = 479B37A7248FBA9B001252F9;
					};
					479B37CB248FBA9D001252F9 = {
						CreatedOnToolsVersion = 11.5;
						TestTargetID = 479B37A7248FBA9B001252F9;
					};
				};
			};
			buildConfigurationList = 479B37A3248FBA9B001252F9 /* Build configuration list for PBXProject "cookIn" */;
			compatibilityVersion = "Xcode 9.3";
			developmentRegion = en;
			hasScannedForEncodings = 0;
			knownRegions = (
				en,
				Base,
			);
			mainGroup = 479B379F248FBA9B001252F9;
			productRefGroup = 479B37A9248FBA9B001252F9 /* Products */;
			projectDirPath = "";
			projectRoot = "";
			targets = (
				479B37A7248FBA9B001252F9 /* cookIn */,
				479B37C0248FBA9D001252F9 /* cookInTests */,
				479B37CB248FBA9D001252F9 /* cookInUITests */,
			);
		};
/* End PBXProject section */

/* Begin PBXResourcesBuildPhase section */
		479B37A6248FBA9B001252F9 /* Resources */ = {
			isa = PBXResourcesBuildPhase;
			buildActionMask = 2147483647;
			files = (
				479B37BB248FBA9D001252F9 /* LaunchScreen.storyboard in Resources */,
				479B37B8248FBA9D001252F9 /* Preview Assets.xcassets in Resources */,
				479B37B5248FBA9D001252F9 /* Assets.xcassets in Resources */,
			);
			runOnlyForDeploymentPostprocessing = 0;
		};
		479B37BF248FBA9D001252F9 /* Resources */ = {
			isa = PBXResourcesBuildPhase;
			buildActionMask = 2147483647;
			files = (
			);
			runOnlyForDeploymentPostprocessing = 0;
		};
		479B37CA248FBA9D001252F9 /* Resources */ = {
			isa = PBXResourcesBuildPhase;
			buildActionMask = 2147483647;
			files = (
			);
			runOnlyForDeploymentPostprocessing = 0;
		};
/* End PBXResourcesBuildPhase section */

/* Begin PBXSourcesBuildPhase section */
		479B37A4248FBA9B001252F9 /* Sources */ = {
			isa = PBXSourcesBuildPhase;
			buildActionMask = 2147483647;
			files = (
				479B37B1248FBA9B001252F9 /* cookIn.xcdatamodeld in Sources */,
				479B37AC248FBA9B001252F9 /* AppDelegate.swift in Sources */,
				479B37B3248FBA9B001252F9 /* ContentView.swift in Sources */,
				479B37AE248FBA9B001252F9 /* SceneDelegate.swift in Sources */,
			);
			runOnlyForDeploymentPostprocessing = 0;
		};
		479B37BD248FBA9D001252F9 /* Sources */ = {
			isa = PBXSourcesBuildPhase;
			buildActionMask = 2147483647;
			files = (
				479B37C6248FBA9D001252F9 /* cookInTests.swift in Sources */,
			);
			runOnlyForDeploymentPostprocessing = 0;
		};
		479B37C8248FBA9D001252F9 /* Sources */ = {
			isa = PBXSourcesBuildPhase;
			buildActionMask = 2147483647;
			files = (
				479B37D1248FBA9D001252F9 /* cookInUITests.swift in Sources */,
			);
			runOnlyForDeploymentPostprocessing = 0;
		};
/* End PBXSourcesBuildPhase section */

/* Begin PBXTargetDependency section */
		479B37C3248FBA9D001252F9 /* PBXTargetDependency */ = {
			isa = PBXTargetDependency;
			target = 479B37A7248FBA9B001252F9 /* cookIn */;
			targetProxy = 479B37C2248FBA9D001252F9 /* PBXContainerItemProxy */;
		};
		479B37CE248FBA9D001252F9 /* PBXTargetDependency */ = {
			isa = PBXTargetDependency;
			target = 479B37A7248FBA9B001252F9 /* cookIn */;
			targetProxy = 479B37CD248FBA9D001252F9 /* PBXContainerItemProxy */;
		};
/* End PBXTargetDependency section */

/* Begin PBXVariantGroup section */
		479B37B9248FBA9D001252F9 /* LaunchScreen.storyboard */ = {
			isa = PBXVariantGroup;
			children = (
				479B37BA248FBA9D001252F9 /* Base */,
			);
			name = LaunchScreen.storyboard;
			sourceTree = "<group>";
		};
/* End PBXVariantGroup section */

/* Begin XCBuildConfiguration section */
		479B37D3248FBA9D001252F9 /* Debug */ = {
			isa = XCBuildConfiguration;
			buildSettings = {
				ALWAYS_SEARCH_USER_PATHS = NO;
				CLANG_ANALYZER_NONNULL = YES;
				CLANG_ANALYZER_NUMBER_OBJECT_CONVERSION = YES_AGGRESSIVE;
				CLANG_CXX_LANGUAGE_STANDARD = "gnu++14";
				CLANG_CXX_LIBRARY = "libc++";
				CLANG_ENABLE_MODULES = YES;
				CLANG_ENABLE_OBJC_ARC = YES;
				CLANG_ENABLE_OBJC_WEAK = YES;
				CLANG_WARN_BLOCK_CAPTURE_AUTORELEASING = YES;
				CLANG_WARN_BOOL_CONVERSION = YES;
				CLANG_WARN_COMMA = YES;
				CLANG_WARN_CONSTANT_CONVERSION = YES;
				CLANG_WARN_DEPRECATED_OBJC_IMPLEMENTATIONS = YES;
				CLANG_WARN_DIRECT_OBJC_ISA_USAGE = YES_ERROR;
				CLANG_WARN_DOCUMENTATION_COMMENTS = YES;
				CLANG_WARN_EMPTY_BODY = YES;
				CLANG_WARN_ENUM_CONVERSION = YES;
				CLANG_WARN_INFINITE_RECURSION = YES;
				CLANG_WARN_INT_CONVERSION = YES;
				CLANG_WARN_NON_LITERAL_NULL_CONVERSION = YES;
				CLANG_WARN_OBJC_IMPLICIT_RETAIN_SELF = YES;
				CLANG_WARN_OBJC_LITERAL_CONVERSION = YES;
				CLANG_WARN_OBJC_ROOT_CLASS = YES_ERROR;
				CLANG_WARN_RANGE_LOOP_ANALYSIS = YES;
				CLANG_WARN_STRICT_PROTOTYPES = YES;
				CLANG_WARN_SUSPICIOUS_MOVE = YES;
				CLANG_WARN_UNGUARDED_AVAILABILITY = YES_AGGRESSIVE;
				CLANG_WARN_UNREACHABLE_CODE = YES;
				CLANG_WARN__DUPLICATE_METHOD_MATCH = YES;
				COPY_PHASE_STRIP = NO;
				DEBUG_INFORMATION_FORMAT = dwarf;
				ENABLE_STRICT_OBJC_MSGSEND = YES;
				ENABLE_TESTABILITY = YES;
				GCC_C_LANGUAGE_STANDARD = gnu11;
				GCC_DYNAMIC_NO_PIC = NO;
				GCC_NO_COMMON_BLOCKS = YES;
				GCC_OPTIMIZATION_LEVEL = 0;
				GCC_PREPROCESSOR_DEFINITIONS = (
					"DEBUG=1",
					"$(inherited)",
				);
				GCC_WARN_64_TO_32_BIT_CONVERSION = YES;
				GCC_WARN_ABOUT_RETURN_TYPE = YES_ERROR;
				GCC_WARN_UNDECLARED_SELECTOR = YES;
				GCC_WARN_UNINITIALIZED_AUTOS = YES_AGGRESSIVE;
				GCC_WARN_UNUSED_FUNCTION = YES;
				GCC_WARN_UNUSED_VARIABLE = YES;
				IPHONEOS_DEPLOYMENT_TARGET = 13.5;
				MTL_ENABLE_DEBUG_INFO = INCLUDE_SOURCE;
				MTL_FAST_MATH = YES;
				ONLY_ACTIVE_ARCH = YES;
				SDKROOT = iphoneos;
				SWIFT_ACTIVE_COMPILATION_CONDITIONS = DEBUG;
				SWIFT_OPTIMIZATION_LEVEL = "-Onone";
			};
			name = Debug;
		};
		479B37D4248FBA9D001252F9 /* Release */ = {
			isa = XCBuildConfiguration;
			buildSettings = {
				ALWAYS_SEARCH_USER_PATHS = NO;
				CLANG_ANALYZER_NONNULL = YES;
				CLANG_ANALYZER_NUMBER_OBJECT_CONVERSION = YES_AGGRESSIVE;
				CLANG_CXX_LANGUAGE_STANDARD = "gnu++14";
				CLANG_CXX_LIBRARY = "libc++";
				CLANG_ENABLE_MODULES = YES;
				CLANG_ENABLE_OBJC_ARC = YES;
				CLANG_ENABLE_OBJC_WEAK = YES;
				CLANG_WARN_BLOCK_CAPTURE_AUTORELEASING = YES;
				CLANG_WARN_BOOL_CONVERSION = YES;
				CLANG_WARN_COMMA = YES;
				CLANG_WARN_CONSTANT_CONVERSION = YES;
				CLANG_WARN_DEPRECATED_OBJC_IMPLEMENTATIONS = YES;
				CLANG_WARN_DIRECT_OBJC_ISA_USAGE = YES_ERROR;
				CLANG_WARN_DOCUMENTATION_COMMENTS = YES;
				CLANG_WARN_EMPTY_BODY = YES;
				CLANG_WARN_ENUM_CONVERSION = YES;
				CLANG_WARN_INFINITE_RECURSION = YES;
				CLANG_WARN_INT_CONVERSION = YES;
				CLANG_WARN_NON_LITERAL_NULL_CONVERSION = YES;
				CLANG_WARN_OBJC_IMPLICIT_RETAIN_SELF = YES;
				CLANG_WARN_OBJC_LITERAL_CONVERSION = YES;
				CLANG_WARN_OBJC_ROOT_CLASS = YES_ERROR;
				CLANG_WARN_RANGE_LOOP_ANALYSIS = YES;
				CLANG_WARN_STRICT_PROTOTYPES = YES;
				CLANG_WARN_SUSPICIOUS_MOVE = YES;
				CLANG_WARN_UNGUARDED_AVAILABILITY = YES_AGGRESSIVE;
				CLANG_WARN_UNREACHABLE_CODE = YES;
				CLANG_WARN__DUPLICATE_METHOD_MATCH = YES;
				COPY_PHASE_STRIP = NO;
				DEBUG_INFORMATION_FORMAT = "dwarf-with-dsym";
				ENABLE_NS_ASSERTIONS = NO;
				ENABLE_STRICT_OBJC_MSGSEND = YES;
				GCC_C_LANGUAGE_STANDARD = gnu11;
				GCC_NO_COMMON_BLOCKS = YES;
				GCC_WARN_64_TO_32_BIT_CONVERSION = YES;
				GCC_WARN_ABOUT_RETURN_TYPE = YES_ERROR;
				GCC_WARN_UNDECLARED_SELECTOR = YES;
				GCC_WARN_UNINITIALIZED_AUTOS = YES_AGGRESSIVE;
				GCC_WARN_UNUSED_FUNCTION = YES;
				GCC_WARN_UNUSED_VARIABLE = YES;
				IPHONEOS_DEPLOYMENT_TARGET = 13.5;
				MTL_ENABLE_DEBUG_INFO = NO;
				MTL_FAST_MATH = YES;
				SDKROOT = iphoneos;
				SWIFT_COMPILATION_MODE = wholemodule;
				SWIFT_OPTIMIZATION_LEVEL = "-O";
				VALIDATE_PRODUCT = YES;
			};
			name = Release;
		};
		479B37D6248FBA9D001252F9 /* Debug */ = {
			isa = XCBuildConfiguration;
			buildSettings = {
				ASSETCATALOG_COMPILER_APPICON_NAME = AppIcon;
				CODE_SIGN_STYLE = Automatic;
				DEVELOPMENT_ASSET_PATHS = "\"cookIn/Preview Content\"";
				DEVELOPMENT_TEAM = 6JKW74CHHA;
				ENABLE_PREVIEWS = YES;
				INFOPLIST_FILE = cookIn/Info.plist;
				LD_RUNPATH_SEARCH_PATHS = (
					"$(inherited)",
					"@executable_path/Frameworks",
				);
				PRODUCT_BUNDLE_IDENTIFIER = com.cookIn.app.cookIn;
				PRODUCT_NAME = "$(TARGET_NAME)";
				SWIFT_VERSION = 5.0;
				TARGETED_DEVICE_FAMILY = "1,2";
			};
			name = Debug;
		};
		479B37D7248FBA9D001252F9 /* Release */ = {
			isa = XCBuildConfiguration;
			buildSettings = {
				ASSETCATALOG_COMPILER_APPICON_NAME = AppIcon;
				CODE_SIGN_STYLE = Automatic;
				DEVELOPMENT_ASSET_PATHS = "\"cookIn/Preview Content\"";
				DEVELOPMENT_TEAM = 6JKW74CHHA;
				ENABLE_PREVIEWS = YES;
				INFOPLIST_FILE = cookIn/Info.plist;
				LD_RUNPATH_SEARCH_PATHS = (
					"$(inherited)",
					"@executable_path/Frameworks",
				);
				PRODUCT_BUNDLE_IDENTIFIER = com.cookIn.app.cookIn;
				PRODUCT_NAME = "$(TARGET_NAME)";
				SWIFT_VERSION = 5.0;
				TARGETED_DEVICE_FAMILY = "1,2";
			};
			name = Release;
		};
		479B37D9248FBA9D001252F9 /* Debug */ = {
			isa = XCBuildConfiguration;
			buildSettings = {
				ALWAYS_EMBED_SWIFT_STANDARD_LIBRARIES = YES;
				BUNDLE_LOADER = "$(TEST_HOST)";
				CODE_SIGN_STYLE = Automatic;
				DEVELOPMENT_TEAM = 6JKW74CHHA;
				INFOPLIST_FILE = cookInTests/Info.plist;
				IPHONEOS_DEPLOYMENT_TARGET = 13.5;
				LD_RUNPATH_SEARCH_PATHS = (
					"$(inherited)",
					"@executable_path/Frameworks",
					"@loader_path/Frameworks",
				);
				PRODUCT_BUNDLE_IDENTIFIER = com.cookIn.app.cookInTests;
				PRODUCT_NAME = "$(TARGET_NAME)";
				SWIFT_VERSION = 5.0;
				TARGETED_DEVICE_FAMILY = "1,2";
				TEST_HOST = "$(BUILT_PRODUCTS_DIR)/cookIn.app/cookIn";
			};
			name = Debug;
		};
		479B37DA248FBA9D001252F9 /* Release */ = {
			isa = XCBuildConfiguration;
			buildSettings = {
				ALWAYS_EMBED_SWIFT_STANDARD_LIBRARIES = YES;
				BUNDLE_LOADER = "$(TEST_HOST)";
				CODE_SIGN_STYLE = Automatic;
				DEVELOPMENT_TEAM = 6JKW74CHHA;
				INFOPLIST_FILE = cookInTests/Info.plist;
				IPHONEOS_DEPLOYMENT_TARGET = 13.5;
				LD_RUNPATH_SEARCH_PATHS = (
					"$(inherited)",
					"@executable_path/Frameworks",
					"@loader_path/Frameworks",
				);
				PRODUCT_BUNDLE_IDENTIFIER = com.cookIn.app.cookInTests;
				PRODUCT_NAME = "$(TARGET_NAME)";
				SWIFT_VERSION = 5.0;
				TARGETED_DEVICE_FAMILY = "1,2";
				TEST_HOST = "$(BUILT_PRODUCTS_DIR)/cookIn.app/cookIn";
			};
			name = Release;
		};
		479B37DC248FBA9D001252F9 /* Debug */ = {
			isa = XCBuildConfiguration;
			buildSettings = {
				ALWAYS_EMBED_SWIFT_STANDARD_LIBRARIES = YES;
				CODE_SIGN_STYLE = Automatic;
				DEVELOPMENT_TEAM = 6JKW74CHHA;
				INFOPLIST_FILE = cookInUITests/Info.plist;
				LD_RUNPATH_SEARCH_PATHS = (
					"$(inherited)",
					"@executable_path/Frameworks",
					"@loader_path/Frameworks",
				);
				PRODUCT_BUNDLE_IDENTIFIER = com.cookIn.app.cookInUITests;
				PRODUCT_NAME = "$(TARGET_NAME)";
				SWIFT_VERSION = 5.0;
				TARGETED_DEVICE_FAMILY = "1,2";
				TEST_TARGET_NAME = cookIn;
			};
			name = Debug;
		};
		479B37DD248FBA9D001252F9 /* Release */ = {
			isa = XCBuildConfiguration;
			buildSettings = {
				ALWAYS_EMBED_SWIFT_STANDARD_LIBRARIES = YES;
				CODE_SIGN_STYLE = Automatic;
				DEVELOPMENT_TEAM = 6JKW74CHHA;
				INFOPLIST_FILE = cookInUITests/Info.plist;
				LD_RUNPATH_SEARCH_PATHS = (
					"$(inherited)",
					"@executable_path/Frameworks",
					"@loader_path/Frameworks",
				);
				PRODUCT_BUNDLE_IDENTIFIER = com.cookIn.app.cookInUITests;
				PRODUCT_NAME = "$(TARGET_NAME)";
				SWIFT_VERSION = 5.0;
				TARGETED_DEVICE_FAMILY = "1,2";
				TEST_TARGET_NAME = cookIn;
			};
			name = Release;
		};
/* End XCBuildConfiguration section */

/* Begin XCConfigurationList section */
		479B37A3248FBA9B001252F9 /* Build configuration list for PBXProject "cookIn" */ = {
			isa = XCConfigurationList;
			buildConfigurations = (
				479B37D3248FBA9D001252F9 /* Debug */,
				479B37D4248FBA9D001252F9 /* Release */,
			);
			defaultConfigurationIsVisible = 0;
			defaultConfigurationName = Release;
		};
		479B37D5248FBA9D001252F9 /* Build configuration list for PBXNativeTarget "cookIn" */ = {
			isa = XCConfigurationList;
			buildConfigurations = (
				479B37D6248FBA9D001252F9 /* Debug */,
				479B37D7248FBA9D001252F9 /* Release */,
			);
			defaultConfigurationIsVisible = 0;
			defaultConfigurationName = Release;
		};
		479B37D8248FBA9D001252F9 /* Build configuration list for PBXNativeTarget "cookInTests" */ = {
			isa = XCConfigurationList;
			buildConfigurations = (
				479B37D9248FBA9D001252F9 /* Debug */,
				479B37DA248FBA9D001252F9 /* Release */,
			);
			defaultConfigurationIsVisible = 0;
			defaultConfigurationName = Release;
		};
		479B37DB248FBA9D001252F9 /* Build configuration list for PBXNativeTarget "cookInUITests" */ = {
			isa = XCConfigurationList;
			buildConfigurations = (
				479B37DC248FBA9D001252F9 /* Debug */,
				479B37DD248FBA9D001252F9 /* Release */,
			);
			defaultConfigurationIsVisible = 0;
			defaultConfigurationName = Release;
		};
/* End XCConfigurationList section */

/* Begin XCVersionGroup section */
		479B37AF248FBA9B001252F9 /* cookIn.xcdatamodeld */ = {
			isa = XCVersionGroup;
			children = (
				479B37B0248FBA9B001252F9 /* cookIn.xcdatamodel */,
			);
			currentVersion = 479B37B0248FBA9B001252F9 /* cookIn.xcdatamodel */;
			path = cookIn.xcdatamodeld;
			sourceTree = "<group>";
			versionGroupType = wrapper.xcdatamodel;
		};
/* End XCVersionGroup section */
	};
	rootObject = 479B37A0248FBA9B001252F9 /* Project object */;
}
